
Microsoft Visual Studio Solution File, Format Version 12.00
# Visual Studio Version 16
VisualStudioVersion = 16.0.31321.278
MinimumVisualStudioVersion = 10.0.40219.1
Project("{2150E333-8FDC-42A3-9474-1A3956D46DE8}") = "src", "src", "{5A27BE39-B5BF-4482-9404-C86573C63136}"
EndProject
Project("{2150E333-8FDC-42A3-9474-1A3956D46DE8}") = "test", "test", "{1A593A2A-9C49-464F-B366-1B8A4E92EBAE}"
EndProject
Project("{2150E333-8FDC-42A3-9474-1A3956D46DE8}") = "Books", "Books", "{7CCF61FB-3E1B-467E-8C2B-8EDFABB68C20}"
EndProject
Project("{9A19103F-16F7-4668-BE54-9A1E7A4F7556}") = "Atlantis.Books", "src\Books\Atlantis.Books\Atlantis.Books.csproj", "{0B97A8B5-06F5-4D46-A955-C48181E83399}"
EndProject
Project("{9A19103F-16F7-4668-BE54-9A1E7A4F7556}") = "Atlantis.Books.WebApi", "src\Books\Atlantis.Books.WebApi\Atlantis.Books.WebApi.csproj", "{F125F6FE-8C57-4F5A-9E58-E2A7EF4FDF84}"
EndProject
Project("{2150E333-8FDC-42A3-9474-1A3956D46DE8}") = "Orders", "Orders", "{FBD664D4-594D-4291-9A2C-FFDDADF086C0}"
EndProject
Project("{FAE04EC0-301F-11D3-BF4B-00C04F79EFBC}") = "Atlantis.Orders.WebApi", "src\Orders\Atlantis.Orders.WebApi\Atlantis.Orders.WebApi.csproj", "{E562835C-BDED-4FEF-89FD-D4514ACAC08E}"
EndProject
Global
	GlobalSection(SolutionConfigurationPlatforms) = preSolution
		Debug|Any CPU = Debug|Any CPU
		Release|Any CPU = Release|Any CPU
	EndGlobalSection
	GlobalSection(ProjectConfigurationPlatforms) = postSolution
		{0B97A8B5-06F5-4D46-A955-C48181E83399}.Debug|Any CPU.ActiveCfg = Debug|Any CPU
		{0B97A8B5-06F5-4D46-A955-C48181E83399}.Debug|Any CPU.Build.0 = Debug|Any CPU
		{0B97A8B5-06F5-4D46-A955-C48181E83399}.Release|Any CPU.ActiveCfg = Release|Any CPU
		{0B97A8B5-06F5-4D46-A955-C48181E83399}.Release|Any CPU.Build.0 = Release|Any CPU
		{F125F6FE-8C57-4F5A-9E58-E2A7EF4FDF84}.Debug|Any CPU.ActiveCfg = Debug|Any CPU
		{F125F6FE-8C57-4F5A-9E58-E2A7EF4FDF84}.Debug|Any CPU.Build.0 = Debug|Any CPU
		{F125F6FE-8C57-4F5A-9E58-E2A7EF4FDF84}.Release|Any CPU.ActiveCfg = Release|Any CPU
		{F125F6FE-8C57-4F5A-9E58-E2A7EF4FDF84}.Release|Any CPU.Build.0 = Release|Any CPU
		{E562835C-BDED-4FEF-89FD-D4514ACAC08E}.Debug|Any CPU.ActiveCfg = Debug|Any CPU
		{E562835C-BDED-4FEF-89FD-D4514ACAC08E}.Debug|Any CPU.Build.0 = Debug|Any CPU
		{E562835C-BDED-4FEF-89FD-D4514ACAC08E}.Release|Any CPU.ActiveCfg = Release|Any CPU
		{E562835C-BDED-4FEF-89FD-D4514ACAC08E}.Release|Any CPU.Build.0 = Release|Any CPU
	EndGlobalSection
	GlobalSection(SolutionProperties) = preSolution
		HideSolutionNode = FALSE
	EndGlobalSection
	GlobalSection(NestedProjects) = preSolution
		{7CCF61FB-3E1B-467E-8C2B-8EDFABB68C20} = {5A27BE39-B5BF-4482-9404-C86573C63136}
		{0B97A8B5-06F5-4D46-A955-C48181E83399} = {7CCF61FB-3E1B-467E-8C2B-8EDFABB68C20}
		{F125F6FE-8C57-4F5A-9E58-E2A7EF4FDF84} = {7CCF61FB-3E1B-467E-8C2B-8EDFABB68C20}
		{FBD664D4-594D-4291-9A2C-FFDDADF086C0} = {5A27BE39-B5BF-4482-9404-C86573C63136}
		{E562835C-BDED-4FEF-89FD-D4514ACAC08E} = {FBD664D4-594D-4291-9A2C-FFDDADF086C0}
	EndGlobalSection
	GlobalSection(ExtensibilityGlobals) = postSolution
		SolutionGuid = {59BE38F4-A7E2-4FA5-A18B-0A20C13EC963}
	EndGlobalSection
EndGlobal
